<?xml version="1.0" encoding="utf-8"?>
<Project ToolsVersion="4.0" xmlns="http://schemas.microsoft.com/developer/msbuild/2003">
  <ItemGroup>
    <Filter Include="Source Files">
      <UniqueIdentifier>{4FC737F1-C7A5-4376-A066-2A32D752A2FF}</UniqueIdentifier>
      <Extensions>cpp;c;cc;cxx;c++;def;odl;idl;hpj;bat;asm;asmx</Extensions>
    </Filter>
    <Filter Include="Scripts">
      <UniqueIdentifier>{448d1e12-e2af-4887-9a4e-5162ad9ca002}</UniqueIdentifier>
    </Filter>
    <Filter Include="Docs">
      <UniqueIdentifier>{db9fbcd9-118c-487f-bea6-9382389bbae4}</UniqueIdentifier>
    </Filter>
    <Filter Include="Misc">
      <UniqueIdentifier>{076e3985-e3f8-49b6-b320-7e77e50aebbd}</UniqueIdentifier>
    </Filter>
  </ItemGroup>
  <ItemGroup>
    <ClCompile Include="ant.cpp">
      <Filter>Source Files</Filter>
    </ClCompile>
    <ClCompile Include="ant_codegen.cpp">
      <Filter>Source Files</Filter>
    </ClCompile>
    <ClCompile Include="ant_lexer.cpp">
      <Filter>Source Files</Filter>
    </ClCompile>
    <ClCompile Include="ant_node.cpp">
      <Filter>Source Files</Filter>
    </ClCompile>
    <ClCompile Include="ant_parser.cpp">
      <Filter>Source Files</Filter>
    </ClCompile>
    <ClCompile Include="ant_pch.cpp">
      <Filter>Source Files</Filter>
    </ClCompile>
    <ClCompile Include="ant_vm.cpp">
      <Filter>Source Files</Filter>
    </ClCompile>
    <ClCompile Include="ant_scope.cpp">
      <Filter>Source Files</Filter>
    </ClCompile>
  </ItemGroup>
  <ItemGroup>
    <ClInclude Include="ant.h">
      <Filter>Source Files</Filter>
    </ClInclude>
    <ClInclude Include="ant_pch.h">
      <Filter>Source Files</Filter>
    </ClInclude>
  </ItemGroup>
  <ItemGroup>
    <None Include="scripts\factorial.ant">
      <Filter>Scripts</Filter>
    </None>
    <None Include="scripts\test.ant">
      <Filter>Scripts</Filter>
    </None>
    <None Include="scripts\types.ant">
      <Filter>Scripts</Filter>
    </None>
    <None Include="README.md">
      <Filter>Docs</Filter>
    </None>
    <None Include=".gitignore">
      <Filter>Misc</Filter>
    </None>
  </ItemGroup>
  <ItemGroup>
    <Text Include="scripts\log.txt">
      <Filter>Misc</Filter>
    </Text>
  </ItemGroup>
</Project>